<?xml version="1.0" encoding="utf-8"?>
<Project ToolsVersion="4.0" xmlns="http://schemas.microsoft.com/developer/msbuild/2003">
  <ItemGroup>
    <Filter Include="Source Files">
      <UniqueIdentifier>{4FC737F1-C7A5-4376-A066-2A32D752A2FF}</UniqueIdentifier>
      <Extensions>cpp;c;cc;cxx;def;odl;idl;hpj;bat;asm;asmx</Extensions>
    </Filter>
    <Filter Include="Header Files">
      <UniqueIdentifier>{93995380-89BD-4b04-88EB-625FBE52EBFB}</UniqueIdentifier>
      <Extensions>h;hpp;hxx;hm;inl;inc;xsd</Extensions>
    </Filter>
    <Filter Include="Source Files\EBUCore_1_4\metadata">
      <UniqueIdentifier>{680e9b4d-dcbd-46fd-9c81-10313274f27a}</UniqueIdentifier>
    </Filter>
    <Filter Include="Source Files\EBUCore_1_4\metadata\base">
      <UniqueIdentifier>{03817576-60cc-45e2-a7b1-5ac682fc38ca}</UniqueIdentifier>
    </Filter>
    <Filter Include="Source Files\xsd">
      <UniqueIdentifier>{75951033-e6f9-4c36-a079-e656913caef9}</UniqueIdentifier>
    </Filter>
    <Filter Include="Header Files\xsd">
      <UniqueIdentifier>{c3cf842b-73f4-4423-8e90-f7e517599d14}</UniqueIdentifier>
    </Filter>
    <Filter Include="Source Files\EBUCore_1_4">
      <UniqueIdentifier>{7c43bf1a-d5b9-4aba-9e4d-660ff68307f4}</UniqueIdentifier>
    </Filter>
    <Filter Include="Source Files\EBUCore_1_4\metadata">
      <UniqueIdentifier>{2a251912-df98-4e25-b445-5bee0cb8a18c}</UniqueIdentifier>
    </Filter>
    <Filter Include="Source Files\EBUCore_1_4\xsd">
      <UniqueIdentifier>{c700fce0-0131-4f7d-a5a1-35702c6480bf}</UniqueIdentifier>
    </Filter>
    <Filter Include="Header Files\EBUCore_1_4">
      <UniqueIdentifier>{7bbb2238-5676-47d0-958f-b85251da2da0}</UniqueIdentifier>
    </Filter>
    <Filter Include="Header Files\EBUCore_1_4\metadata">
      <UniqueIdentifier>{f1071521-5a41-4171-8551-5bb66628dda9}</UniqueIdentifier>
    </Filter>
    <Filter Include="Header Files\EBUCore_1_4\metadata\base">
      <UniqueIdentifier>{63285a39-a76a-4039-b02d-138389b14166}</UniqueIdentifier>
    </Filter>
    <Filter Include="Header Files\EBUCore_1_4\xsd">
      <UniqueIdentifier>{96118a6e-2b8a-4b82-af5a-e2e3dad21ad6}</UniqueIdentifier>
    </Filter>
  </ItemGroup>
  <ItemGroup>
    <ClCompile Include="..\..\src\AppUtils.cpp">
      <Filter>Source Files</Filter>
    </ClCompile>
    <ClCompile Include="..\..\src\EBUCoreProcessor.cpp">
      <Filter>Source Files</Filter>
    </ClCompile>
    <ClCompile Include="..\..\src\EBUCore_1_4\metadata\base\ebucoreAlternativeTitleBase.cpp">
      <Filter>Source Files\EBUCore_1_4\metadata\base</Filter>
    </ClCompile>
    <ClCompile Include="..\..\src\EBUCore_1_4\metadata\base\ebucoreAddressBase.cpp">
      <Filter>Source Files\EBUCore_1_4\metadata\base</Filter>
    </ClCompile>
    <ClCompile Include="..\..\src\EBUCore_1_4\metadata\base\ebucoreAncillaryDataBase.cpp">
      <Filter>Source Files\EBUCore_1_4\metadata\base</Filter>
    </ClCompile>
    <ClCompile Include="..\..\src\EBUCore_1_4\metadata\base\ebucoreAspectRatioBase.cpp">
      <Filter>Source Files\EBUCore_1_4\metadata\base</Filter>
    </ClCompile>
    <ClCompile Include="..\..\src\EBUCore_1_4\metadata\base\ebucoreAudioFormatBase.cpp">
      <Filter>Source Files\EBUCore_1_4\metadata\base</Filter>
    </ClCompile>
    <ClCompile Include="..\..\src\EBUCore_1_4\metadata\base\ebucoreBasicRelationBase.cpp">
      <Filter>Source Files\EBUCore_1_4\metadata\base</Filter>
    </ClCompile>
    <ClCompile Include="..\..\src\EBUCore_1_4\metadata\base\ebucoreCaptioningBase.cpp">
      <Filter>Source Files\EBUCore_1_4\metadata\base</Filter>
    </ClCompile>
    <ClCompile Include="..\..\src\EBUCore_1_4\metadata\base\ebucoreCodecBase.cpp">
      <Filter>Source Files\EBUCore_1_4\metadata\base</Filter>
    </ClCompile>
    <ClCompile Include="..\..\src\EBUCore_1_4\metadata\base\ebucoreContactBase.cpp">
      <Filter>Source Files\EBUCore_1_4\metadata\base</Filter>
    </ClCompile>
    <ClCompile Include="..\..\src\EBUCore_1_4\metadata\base\ebucoreContactDetailsBase.cpp">
      <Filter>Source Files\EBUCore_1_4\metadata\base</Filter>
    </ClCompile>
    <ClCompile Include="..\..\src\EBUCore_1_4\metadata\base\ebucoreContainerFormatBase.cpp">
      <Filter>Source Files\EBUCore_1_4\metadata\base</Filter>
    </ClCompile>
    <ClCompile Include="..\..\src\EBUCore_1_4\metadata\base\ebucoreCoordinatesBase.cpp">
      <Filter>Source Files\EBUCore_1_4\metadata\base</Filter>
    </ClCompile>
    <ClCompile Include="..\..\src\EBUCore_1_4\metadata\base\ebucoreCoreMetadataBase.cpp">
      <Filter>Source Files\EBUCore_1_4\metadata\base</Filter>
    </ClCompile>
    <ClCompile Include="..\..\src\EBUCore_1_4\metadata\base\ebucoreCoverageBase.cpp">
      <Filter>Source Files\EBUCore_1_4\metadata\base</Filter>
    </ClCompile>
    <ClCompile Include="..\..\src\EBUCore_1_4\metadata\ebucoreAddress.cpp">
      <Filter>Source Files\EBUCore_1_4\metadata</Filter>
    </ClCompile>
    <ClCompile Include="..\..\src\EBUCore_1_4\metadata\ebucoreAlternativeTitle.cpp">
      <Filter>Source Files\EBUCore_1_4\metadata</Filter>
    </ClCompile>
    <ClCompile Include="..\..\src\EBUCore_1_4\metadata\ebucoreAncillaryData.cpp">
      <Filter>Source Files\EBUCore_1_4\metadata</Filter>
    </ClCompile>
    <ClCompile Include="..\..\src\EBUCore_1_4\metadata\ebucoreAspectRatio.cpp">
      <Filter>Source Files\EBUCore_1_4\metadata</Filter>
    </ClCompile>
    <ClCompile Include="..\..\src\EBUCore_1_4\metadata\ebucoreAudioFormat.cpp">
      <Filter>Source Files\EBUCore_1_4\metadata</Filter>
    </ClCompile>
    <ClCompile Include="..\..\src\EBUCore_1_4\metadata\ebucoreBasicRelation.cpp">
      <Filter>Source Files\EBUCore_1_4\metadata</Filter>
    </ClCompile>
    <ClCompile Include="..\..\src\EBUCore_1_4\metadata\ebucoreCaptioning.cpp">
      <Filter>Source Files\EBUCore_1_4\metadata</Filter>
    </ClCompile>
    <ClCompile Include="..\..\src\EBUCore_1_4\metadata\ebucoreCodec.cpp">
      <Filter>Source Files\EBUCore_1_4\metadata</Filter>
    </ClCompile>
    <ClCompile Include="..\..\src\EBUCore_1_4\metadata\ebucoreContact.cpp">
      <Filter>Source Files\EBUCore_1_4\metadata</Filter>
    </ClCompile>
    <ClCompile Include="..\..\src\EBUCore_1_4\metadata\ebucoreContactDetails.cpp">
      <Filter>Source Files\EBUCore_1_4\metadata</Filter>
    </ClCompile>
    <ClCompile Include="..\..\src\EBUCore_1_4\metadata\ebucoreContainerFormat.cpp">
      <Filter>Source Files\EBUCore_1_4\metadata</Filter>
    </ClCompile>
    <ClCompile Include="..\..\src\EBUCore_1_4\metadata\ebucoreCoordinates.cpp">
      <Filter>Source Files\EBUCore_1_4\metadata</Filter>
    </ClCompile>
    <ClCompile Include="..\..\src\EBUCore_1_4\metadata\ebucoreCoreMetadata.cpp">
      <Filter>Source Files\EBUCore_1_4\metadata</Filter>
    </ClCompile>
    <ClCompile Include="..\..\src\EBUCore_1_4\metadata\ebucoreCoverage.cpp">
      <Filter>Source Files\EBUCore_1_4\metadata</Filter>
    </ClCompile>
    <ClCompile Include="..\..\src\EBUCore_1_4\metadata\ebucoreCustomRelation.cpp">
      <Filter>Source Files\EBUCore_1_4\metadata</Filter>
    </ClCompile>
    <ClCompile Include="..\..\src\EBUCore_1_4\metadata\ebucoreDataFormat.cpp">
      <Filter>Source Files\EBUCore_1_4\metadata</Filter>
    </ClCompile>
    <ClCompile Include="..\..\src\EBUCore_1_4\metadata\ebucoreDate.cpp">
      <Filter>Source Files\EBUCore_1_4\metadata</Filter>
    </ClCompile>
    <ClCompile Include="..\..\src\EBUCore_1_4\metadata\ebucoreDateType.cpp">
      <Filter>Source Files\EBUCore_1_4\metadata</Filter>
    </ClCompile>
    <ClCompile Include="..\..\src\EBUCore_1_4\metadata\ebucoreDescription.cpp">
      <Filter>Source Files\EBUCore_1_4\metadata</Filter>
    </ClCompile>
    <ClCompile Include="..\..\src\EBUCore_1_4\metadata\ebucoreDimension.cpp">
      <Filter>Source Files\EBUCore_1_4\metadata</Filter>
    </ClCompile>
    <ClCompile Include="..\..\src\EBUCore_1_4\metadata\ebucoreEncoding.cpp">
      <Filter>Source Files\EBUCore_1_4\metadata</Filter>
    </ClCompile>
    <ClCompile Include="..\..\src\EBUCore_1_4\metadata\ebucoreEntity.cpp">
      <Filter>Source Files\EBUCore_1_4\metadata</Filter>
    </ClCompile>
    <ClCompile Include="..\..\src\EBUCore_1_4\metadata\ebucoreFormat.cpp">
      <Filter>Source Files\EBUCore_1_4\metadata</Filter>
    </ClCompile>
    <ClCompile Include="..\..\src\EBUCore_1_4\metadata\ebucoreFormatGroup.cpp">
      <Filter>Source Files\EBUCore_1_4\metadata</Filter>
    </ClCompile>
    <ClCompile Include="..\..\src\EBUCore_1_4\metadata\ebucoreGenre.cpp">
      <Filter>Source Files\EBUCore_1_4\metadata</Filter>
    </ClCompile>
    <ClCompile Include="..\..\src\EBUCore_1_4\metadata\ebucoreIdentifier.cpp">
      <Filter>Source Files\EBUCore_1_4\metadata</Filter>
    </ClCompile>
    <ClCompile Include="..\..\src\EBUCore_1_4\metadata\ebucoreImageFormat.cpp">
      <Filter>Source Files\EBUCore_1_4\metadata</Filter>
    </ClCompile>
    <ClCompile Include="..\..\src\EBUCore_1_4\metadata\ebucoreLanguage.cpp">
      <Filter>Source Files\EBUCore_1_4\metadata</Filter>
    </ClCompile>
    <ClCompile Include="..\..\src\EBUCore_1_4\metadata\ebucoreLocation.cpp">
      <Filter>Source Files\EBUCore_1_4\metadata</Filter>
    </ClCompile>
    <ClCompile Include="..\..\src\EBUCore_1_4\metadata\ebucoreLocator.cpp">
      <Filter>Source Files\EBUCore_1_4\metadata</Filter>
    </ClCompile>
    <ClCompile Include="..\..\src\EBUCore_1_4\metadata\ebucoreMainFramework.cpp">
      <Filter>Source Files\EBUCore_1_4\metadata</Filter>
    </ClCompile>
    <ClCompile Include="..\..\src\EBUCore_1_4\metadata\ebucoreMedium.cpp">
      <Filter>Source Files\EBUCore_1_4\metadata</Filter>
    </ClCompile>
    <ClCompile Include="..\..\src\EBUCore_1_4\metadata\ebucoreMetadataSchemeInformation.cpp">
      <Filter>Source Files\EBUCore_1_4\metadata</Filter>
    </ClCompile>
    <ClCompile Include="..\..\src\EBUCore_1_4\metadata\ebucoreMimeType.cpp">
      <Filter>Source Files\EBUCore_1_4\metadata</Filter>
    </ClCompile>
    <ClCompile Include="..\..\src\EBUCore_1_4\metadata\ebucoreObjectType.cpp">
      <Filter>Source Files\EBUCore_1_4\metadata</Filter>
    </ClCompile>
    <ClCompile Include="..\..\src\EBUCore_1_4\metadata\ebucoreOrganisation.cpp">
      <Filter>Source Files\EBUCore_1_4\metadata</Filter>
    </ClCompile>
    <ClCompile Include="..\..\src\EBUCore_1_4\metadata\ebucorePackageInfo.cpp">
      <Filter>Source Files\EBUCore_1_4\metadata</Filter>
    </ClCompile>
    <ClCompile Include="..\..\src\EBUCore_1_4\metadata\ebucorePartFramework.cpp">
      <Filter>Source Files\EBUCore_1_4\metadata</Filter>
    </ClCompile>
    <ClCompile Include="..\..\src\EBUCore_1_4\metadata\ebucorePartMetadata.cpp">
      <Filter>Source Files\EBUCore_1_4\metadata</Filter>
    </ClCompile>
    <ClCompile Include="..\..\src\EBUCore_1_4\metadata\ebucorePeriodOfTime.cpp">
      <Filter>Source Files\EBUCore_1_4\metadata</Filter>
    </ClCompile>
    <ClCompile Include="..\..\src\EBUCore_1_4\metadata\ebucorePublicationHistoryEvent.cpp">
      <Filter>Source Files\EBUCore_1_4\metadata</Filter>
    </ClCompile>
    <ClCompile Include="..\..\src\EBUCore_1_4\metadata\ebucoreRating.cpp">
      <Filter>Source Files\EBUCore_1_4\metadata</Filter>
    </ClCompile>
    <ClCompile Include="..\..\src\EBUCore_1_4\metadata\ebucoreRational.cpp">
      <Filter>Source Files\EBUCore_1_4\metadata</Filter>
    </ClCompile>
    <ClCompile Include="..\..\src\EBUCore_1_4\metadata\ebucoreRights.cpp">
      <Filter>Source Files\EBUCore_1_4\metadata</Filter>
    </ClCompile>
    <ClCompile Include="..\..\src\EBUCore_1_4\metadata\ebucoreSigningFormat.cpp">
      <Filter>Source Files\EBUCore_1_4\metadata</Filter>
    </ClCompile>
    <ClCompile Include="..\..\src\EBUCore_1_4\metadata\ebucoreSpatial.cpp">
      <Filter>Source Files\EBUCore_1_4\metadata</Filter>
    </ClCompile>
    <ClCompile Include="..\..\src\EBUCore_1_4\metadata\ebucoreStatusGroup.cpp">
      <Filter>Source Files\EBUCore_1_4\metadata</Filter>
    </ClCompile>
    <ClCompile Include="..\..\src\EBUCore_1_4\metadata\ebucoreSubject.cpp">
      <Filter>Source Files\EBUCore_1_4\metadata</Filter>
    </ClCompile>
    <ClCompile Include="..\..\src\EBUCore_1_4\metadata\ebucoreTargetAudience.cpp">
      <Filter>Source Files\EBUCore_1_4\metadata</Filter>
    </ClCompile>
    <ClCompile Include="..\..\src\EBUCore_1_4\metadata\base\ebucoreDataFormatBase.cpp">
      <Filter>Source Files\EBUCore_1_4\metadata\base</Filter>
    </ClCompile>
    <ClCompile Include="..\..\src\EBUCore_1_4\metadata\base\ebucoreDateBase.cpp">
      <Filter>Source Files\EBUCore_1_4\metadata\base</Filter>
    </ClCompile>
    <ClCompile Include="..\..\src\EBUCore_1_4\metadata\base\ebucoreCustomRelationBase.cpp">
      <Filter>Source Files\EBUCore_1_4\metadata\base</Filter>
    </ClCompile>
    <ClCompile Include="..\..\src\EBUCore_1_4\metadata\base\ebucoreDateTypeBase.cpp">
      <Filter>Source Files\EBUCore_1_4\metadata\base</Filter>
    </ClCompile>
    <ClCompile Include="..\..\src\EBUCore_1_4\metadata\base\ebucoreDescriptionBase.cpp">
      <Filter>Source Files\EBUCore_1_4\metadata\base</Filter>
    </ClCompile>
    <ClCompile Include="..\..\src\EBUCore_1_4\metadata\base\ebucoreDimensionBase.cpp">
      <Filter>Source Files\EBUCore_1_4\metadata\base</Filter>
    </ClCompile>
    <ClCompile Include="..\..\src\EBUCore_1_4\metadata\base\ebucoreEncodingBase.cpp">
      <Filter>Source Files\EBUCore_1_4\metadata\base</Filter>
    </ClCompile>
    <ClCompile Include="..\..\src\EBUCore_1_4\metadata\base\ebucoreEntityBase.cpp">
      <Filter>Source Files\EBUCore_1_4\metadata\base</Filter>
    </ClCompile>
    <ClCompile Include="..\..\src\EBUCore_1_4\metadata\base\ebucoreFormatBase.cpp">
      <Filter>Source Files\EBUCore_1_4\metadata\base</Filter>
    </ClCompile>
    <ClCompile Include="..\..\src\EBUCore_1_4\metadata\base\ebucoreFormatGroupBase.cpp">
      <Filter>Source Files\EBUCore_1_4\metadata\base</Filter>
    </ClCompile>
    <ClCompile Include="..\..\src\EBUCore_1_4\metadata\base\ebucoreGenreBase.cpp">
      <Filter>Source Files\EBUCore_1_4\metadata\base</Filter>
    </ClCompile>
    <ClCompile Include="..\..\src\EBUCore_1_4\metadata\base\ebucoreIdentifierBase.cpp">
      <Filter>Source Files\EBUCore_1_4\metadata\base</Filter>
    </ClCompile>
    <ClCompile Include="..\..\src\EBUCore_1_4\metadata\base\ebucoreImageFormatBase.cpp">
      <Filter>Source Files\EBUCore_1_4\metadata\base</Filter>
    </ClCompile>
    <ClCompile Include="..\..\src\EBUCore_1_4\metadata\base\ebucoreLanguageBase.cpp">
      <Filter>Source Files\EBUCore_1_4\metadata\base</Filter>
    </ClCompile>
    <ClCompile Include="..\..\src\EBUCore_1_4\metadata\base\ebucoreLocationBase.cpp">
      <Filter>Source Files\EBUCore_1_4\metadata\base</Filter>
    </ClCompile>
    <ClCompile Include="..\..\src\EBUCore_1_4\metadata\base\ebucoreLocatorBase.cpp">
      <Filter>Source Files\EBUCore_1_4\metadata\base</Filter>
    </ClCompile>
    <ClCompile Include="..\..\src\EBUCore_1_4\metadata\base\ebucorePartFrameworkBase.cpp">
      <Filter>Source Files\EBUCore_1_4\metadata\base</Filter>
    </ClCompile>
    <ClCompile Include="..\..\src\EBUCore_1_4\metadata\base\ebucorePackageInfoBase.cpp">
      <Filter>Source Files\EBUCore_1_4\metadata\base</Filter>
    </ClCompile>
    <ClCompile Include="..\..\src\EBUCore_1_4\metadata\base\ebucoreOrganisationDepartmentBase.cpp">
      <Filter>Source Files\EBUCore_1_4\metadata\base</Filter>
    </ClCompile>
    <ClCompile Include="..\..\src\EBUCore_1_4\metadata\base\ebucoreOrganisationBase.cpp">
      <Filter>Source Files\EBUCore_1_4\metadata\base</Filter>
    </ClCompile>
    <ClCompile Include="..\..\src\EBUCore_1_4\metadata\base\ebucoreObjectTypeBase.cpp">
      <Filter>Source Files\EBUCore_1_4\metadata\base</Filter>
    </ClCompile>
    <ClCompile Include="..\..\src\EBUCore_1_4\metadata\base\ebucoreMimeTypeBase.cpp">
      <Filter>Source Files\EBUCore_1_4\metadata\base</Filter>
    </ClCompile>
    <ClCompile Include="..\..\src\EBUCore_1_4\metadata\base\ebucoreMediumBase.cpp">
      <Filter>Source Files\EBUCore_1_4\metadata\base</Filter>
    </ClCompile>
    <ClCompile Include="..\..\src\EBUCore_1_4\metadata\base\ebucorePartMetadataBase.cpp">
      <Filter>Source Files\EBUCore_1_4\metadata\base</Filter>
    </ClCompile>
    <ClCompile Include="..\..\src\EBUCore_1_4\metadata\base\ebucorePeriodOfTimeBase.cpp">
      <Filter>Source Files\EBUCore_1_4\metadata\base</Filter>
    </ClCompile>
    <ClCompile Include="..\..\src\EBUCore_1_4\metadata\base\ebucorePublicationHistoryEventBase.cpp">
      <Filter>Source Files\EBUCore_1_4\metadata\base</Filter>
    </ClCompile>
    <ClCompile Include="..\..\src\EBUCore_1_4\metadata\base\ebucoreRatingBase.cpp">
      <Filter>Source Files\EBUCore_1_4\metadata\base</Filter>
    </ClCompile>
    <ClCompile Include="..\..\src\EBUCore_1_4\metadata\base\ebucoreRationalBase.cpp">
      <Filter>Source Files\EBUCore_1_4\metadata\base</Filter>
    </ClCompile>
    <ClCompile Include="..\..\src\EBUCore_1_4\metadata\base\ebucoreRightsBase.cpp">
      <Filter>Source Files\EBUCore_1_4\metadata\base</Filter>
    </ClCompile>
    <ClCompile Include="..\..\src\EBUCore_1_4\metadata\base\ebucoreSigningFormatBase.cpp">
      <Filter>Source Files\EBUCore_1_4\metadata\base</Filter>
    </ClCompile>
    <ClCompile Include="..\..\src\EBUCore_1_4\metadata\base\ebucoreSpatialBase.cpp">
      <Filter>Source Files\EBUCore_1_4\metadata\base</Filter>
    </ClCompile>
    <ClCompile Include="..\..\src\EBUCore_1_4\metadata\base\ebucoreStatusGroupBase.cpp">
      <Filter>Source Files\EBUCore_1_4\metadata\base</Filter>
    </ClCompile>
    <ClCompile Include="..\..\src\EBUCore_1_4\metadata\base\ebucoreSubjectBase.cpp">
      <Filter>Source Files\EBUCore_1_4\metadata\base</Filter>
    </ClCompile>
    <ClCompile Include="..\..\src\EBUCore_1_4\metadata\base\ebucoreTargetAudienceBase.cpp">
      <Filter>Source Files\EBUCore_1_4\metadata\base</Filter>
    </ClCompile>
    <ClCompile Include="..\..\src\EBUCore_1_4\metadata\base\ebucoreTechnicalAttributeAnyURIBase.cpp">
      <Filter>Source Files\EBUCore_1_4\metadata\base</Filter>
    </ClCompile>
    <ClCompile Include="..\..\src\EBUCore_1_4\metadata\base\ebucoreTechnicalAttributeBooleanBase.cpp">
      <Filter>Source Files\EBUCore_1_4\metadata\base</Filter>
    </ClCompile>
    <ClCompile Include="..\..\src\EBUCore_1_4\metadata\base\ebucoreTechnicalAttributeFloatBase.cpp">
      <Filter>Source Files\EBUCore_1_4\metadata\base</Filter>
    </ClCompile>
    <ClCompile Include="..\..\src\EBUCore_1_4\metadata\base\ebucoreTechnicalAttributeInt16Base.cpp">
      <Filter>Source Files\EBUCore_1_4\metadata\base</Filter>
    </ClCompile>
    <ClCompile Include="..\..\src\EBUCore_1_4\metadata\base\ebucoreTechnicalAttributeInt32Base.cpp">
      <Filter>Source Files\EBUCore_1_4\metadata\base</Filter>
    </ClCompile>
    <ClCompile Include="..\..\src\EBUCore_1_4\metadata\base\ebucoreTechnicalAttributeInt64Base.cpp">
      <Filter>Source Files\EBUCore_1_4\metadata\base</Filter>
    </ClCompile>
    <ClCompile Include="..\..\src\EBUCore_1_4\metadata\base\ebucoreTechnicalAttributeInt8Base.cpp">
      <Filter>Source Files\EBUCore_1_4\metadata\base</Filter>
    </ClCompile>
    <ClCompile Include="..\..\src\EBUCore_1_4\metadata\base\ebucoreTechnicalAttributeRationalBase.cpp">
      <Filter>Source Files\EBUCore_1_4\metadata\base</Filter>
    </ClCompile>
    <ClCompile Include="..\..\src\EBUCore_1_4\metadata\base\ebucoreTechnicalAttributeStringBase.cpp">
      <Filter>Source Files\EBUCore_1_4\metadata\base</Filter>
    </ClCompile>
    <ClCompile Include="..\..\src\EBUCore_1_4\metadata\base\ebucoreTechnicalAttributeUInt16Base.cpp">
      <Filter>Source Files\EBUCore_1_4\metadata\base</Filter>
    </ClCompile>
    <ClCompile Include="..\..\src\EBUCore_1_4\metadata\base\ebucoreTechnicalAttributeUInt32Base.cpp">
      <Filter>Source Files\EBUCore_1_4\metadata\base</Filter>
    </ClCompile>
    <ClCompile Include="..\..\src\EBUCore_1_4\metadata\base\ebucoreTechnicalAttributeUInt64Base.cpp">
      <Filter>Source Files\EBUCore_1_4\metadata\base</Filter>
    </ClCompile>
    <ClCompile Include="..\..\src\EBUCore_1_4\metadata\base\ebucoreTechnicalAttributeUInt8Base.cpp">
      <Filter>Source Files\EBUCore_1_4\metadata\base</Filter>
    </ClCompile>
    <ClCompile Include="..\..\src\EBUCore_1_4\metadata\base\ebucoreTemporalBase.cpp">
      <Filter>Source Files\EBUCore_1_4\metadata\base</Filter>
    </ClCompile>
    <ClCompile Include="..\..\src\EBUCore_1_4\metadata\base\ebucoreTextualAnnotationBase.cpp">
      <Filter>Source Files\EBUCore_1_4\metadata\base</Filter>
    </ClCompile>
    <ClCompile Include="..\..\src\EBUCore_1_4\metadata\base\ebucoreTitleBase.cpp">
      <Filter>Source Files\EBUCore_1_4\metadata\base</Filter>
    </ClCompile>
    <ClCompile Include="..\..\src\EBUCore_1_4\metadata\base\ebucoreTrackBase.cpp">
      <Filter>Source Files\EBUCore_1_4\metadata\base</Filter>
    </ClCompile>
    <ClCompile Include="..\..\src\EBUCore_1_4\metadata\base\ebucoreTypeBase.cpp">
      <Filter>Source Files\EBUCore_1_4\metadata\base</Filter>
    </ClCompile>
    <ClCompile Include="..\..\src\EBUCore_1_4\metadata\base\ebucoreTypeGroupBase.cpp">
      <Filter>Source Files\EBUCore_1_4\metadata\base</Filter>
    </ClCompile>
    <ClCompile Include="..\..\src\EBUCore_1_4\metadata\base\ebucoreVersionBase.cpp">
      <Filter>Source Files\EBUCore_1_4\metadata\base</Filter>
    </ClCompile>
    <ClCompile Include="..\..\src\EBUCore_1_4\metadata\base\ebucoreVideoFormatBase.cpp">
      <Filter>Source Files\EBUCore_1_4\metadata\base</Filter>
    </ClCompile>
    <ClCompile Include="..\..\src\EBUCore_1_4\metadata\base\ebucoreMainFrameworkBase.cpp">
      <Filter>Source Files\EBUCore_1_4\metadata\base</Filter>
    </ClCompile>
    <ClCompile Include="..\..\src\EBUCore_1_4\metadata\base\ebucoreMetadataSchemeInformationBase.cpp">
      <Filter>Source Files\EBUCore_1_4\metadata\base</Filter>
    </ClCompile>
    <ClCompile Include="..\..\src\EBUCore_1_4\metadata\ebucoreTechnicalAttributeAnyURI.cpp">
      <Filter>Source Files\EBUCore_1_4\metadata</Filter>
    </ClCompile>
    <ClCompile Include="..\..\src\EBUCore_1_4\metadata\ebucoreTechnicalAttributeBoolean.cpp">
      <Filter>Source Files\EBUCore_1_4\metadata</Filter>
    </ClCompile>
    <ClCompile Include="..\..\src\EBUCore_1_4\metadata\ebucoreTechnicalAttributeFloat.cpp">
      <Filter>Source Files\EBUCore_1_4\metadata</Filter>
    </ClCompile>
    <ClCompile Include="..\..\src\EBUCore_1_4\metadata\ebucoreTechnicalAttributeInt16.cpp">
      <Filter>Source Files\EBUCore_1_4\metadata</Filter>
    </ClCompile>
    <ClCompile Include="..\..\src\EBUCore_1_4\metadata\ebucoreTechnicalAttributeInt32.cpp">
      <Filter>Source Files\EBUCore_1_4\metadata</Filter>
    </ClCompile>
    <ClCompile Include="..\..\src\EBUCore_1_4\metadata\ebucoreTechnicalAttributeInt64.cpp">
      <Filter>Source Files\EBUCore_1_4\metadata</Filter>
    </ClCompile>
    <ClCompile Include="..\..\src\EBUCore_1_4\metadata\ebucoreTechnicalAttributeInt8.cpp">
      <Filter>Source Files\EBUCore_1_4\metadata</Filter>
    </ClCompile>
    <ClCompile Include="..\..\src\EBUCore_1_4\metadata\ebucoreTechnicalAttributeRational.cpp">
      <Filter>Source Files\EBUCore_1_4\metadata</Filter>
    </ClCompile>
    <ClCompile Include="..\..\src\EBUCore_1_4\metadata\ebucoreTechnicalAttributeString.cpp">
      <Filter>Source Files\EBUCore_1_4\metadata</Filter>
    </ClCompile>
    <ClCompile Include="..\..\src\EBUCore_1_4\metadata\ebucoreTechnicalAttributeUInt16.cpp">
      <Filter>Source Files\EBUCore_1_4\metadata</Filter>
    </ClCompile>
    <ClCompile Include="..\..\src\EBUCore_1_4\metadata\ebucoreTechnicalAttributeUInt32.cpp">
      <Filter>Source Files\EBUCore_1_4\metadata</Filter>
    </ClCompile>
    <ClCompile Include="..\..\src\EBUCore_1_4\metadata\ebucoreTechnicalAttributeUInt64.cpp">
      <Filter>Source Files\EBUCore_1_4\metadata</Filter>
    </ClCompile>
    <ClCompile Include="..\..\src\EBUCore_1_4\metadata\ebucoreTechnicalAttributeUInt8.cpp">
      <Filter>Source Files\EBUCore_1_4\metadata</Filter>
    </ClCompile>
    <ClCompile Include="..\..\src\EBUCore_1_4\metadata\ebucoreTemporal.cpp">
      <Filter>Source Files\EBUCore_1_4\metadata</Filter>
    </ClCompile>
    <ClCompile Include="..\..\src\EBUCore_1_4\metadata\ebucoreTextualAnnotation.cpp">
      <Filter>Source Files\EBUCore_1_4\metadata</Filter>
    </ClCompile>
    <ClCompile Include="..\..\src\EBUCore_1_4\metadata\ebucoreTitle.cpp">
      <Filter>Source Files\EBUCore_1_4\metadata</Filter>
    </ClCompile>
    <ClCompile Include="..\..\src\EBUCore_1_4\metadata\ebucoreTrack.cpp">
      <Filter>Source Files\EBUCore_1_4\metadata</Filter>
    </ClCompile>
    <ClCompile Include="..\..\src\EBUCore_1_4\metadata\ebucoreTypeGroup.cpp">
      <Filter>Source Files\EBUCore_1_4\metadata</Filter>
    </ClCompile>
    <ClCompile Include="..\..\src\EBUCore_1_4\metadata\ebucoreVersion.cpp">
      <Filter>Source Files\EBUCore_1_4\metadata</Filter>
    </ClCompile>
    <ClCompile Include="..\..\src\EBUCore_1_4\metadata\ebucoreVideoFormat.cpp">
      <Filter>Source Files\EBUCore_1_4\metadata</Filter>
    </ClCompile>
    <ClCompile Include="..\..\src\EBUCore_1_4\metadata\ebucoreOrganisationDepartment.cpp">
      <Filter>Source Files\EBUCore_1_4\metadata</Filter>
    </ClCompile>
    <ClCompile Include="..\..\src\xsd\xml.cxx">
      <Filter>Source Files\xsd</Filter>
    </ClCompile>
    <ClCompile Include="..\..\src\EBUCore_1_4\metadata\ebucoreType.cpp">
      <Filter>Source Files\EBUCore_1_4\metadata</Filter>
    </ClCompile>
    <ClCompile Include="..\..\src\EBUCore_1_4\EBUCoreMapping.cpp">
      <Filter>Source Files\EBUCore_1_4</Filter>
    </ClCompile>
    <ClCompile Include="..\..\src\EBUCore_1_4\EBUCoreReverseMapping.cpp">
      <Filter>Source Files\EBUCore_1_4</Filter>
    </ClCompile>
    <ClCompile Include="..\..\src\EBUCore_1_4\metadata\EBUCoreDMS++.cpp">
      <Filter>Source Files\EBUCore_1_4</Filter>
    </ClCompile>
    <ClCompile Include="..\..\src\EBUCore_1_4\EBUCoreProcessor_1_4.cpp">
      <Filter>Source Files\EBUCore_1_4</Filter>
    </ClCompile>
    <ClCompile Include="..\..\src\EBUCore_1_4\xsd\EBU_CORE_20121219.cxx">
      <Filter>Source Files\EBUCore_1_4\xsd</Filter>
    </ClCompile>
    <ClCompile Include="..\..\src\xsd\simpledc20021212.cxx">
      <Filter>Source Files\xsd</Filter>
    </ClCompile>
    <ClCompile Include="..\..\src\EBUCore_1_4\metadata\ebucoreBasicLink.cpp">
      <Filter>Source Files\EBUCore_1_4\metadata</Filter>
    </ClCompile>
    <ClCompile Include="..\..\src\EBUCore_1_4\metadata\ebucoreCompoundName.cpp">
      <Filter>Source Files\EBUCore_1_4\metadata</Filter>
    </ClCompile>
    <ClCompile Include="..\..\src\EBUCore_1_4\metadata\ebucoreCountry.cpp">
      <Filter>Source Files\EBUCore_1_4\metadata</Filter>
    </ClCompile>
    <ClCompile Include="..\..\src\EBUCore_1_4\metadata\ebucorePublicationChannel.cpp">
      <Filter>Source Files\EBUCore_1_4\metadata</Filter>
    </ClCompile>
    <ClCompile Include="..\..\src\EBUCore_1_4\metadata\ebucorePublicationHistory.cpp">
      <Filter>Source Files\EBUCore_1_4\metadata</Filter>
    </ClCompile>
    <ClCompile Include="..\..\src\EBUCore_1_4\metadata\ebucorePublicationMedium.cpp">
      <Filter>Source Files\EBUCore_1_4\metadata</Filter>
    </ClCompile>
    <ClCompile Include="..\..\src\EBUCore_1_4\metadata\ebucoreRegion.cpp">
      <Filter>Source Files\EBUCore_1_4\metadata</Filter>
    </ClCompile>
    <ClCompile Include="..\..\src\EBUCore_1_4\metadata\ebucoreRole.cpp">
      <Filter>Source Files\EBUCore_1_4\metadata</Filter>
    </ClCompile>
    <ClCompile Include="..\..\src\EBUCore_1_4\metadata\base\ebucoreRegionBase.cpp">
      <Filter>Source Files\EBUCore_1_4\metadata\base</Filter>
    </ClCompile>
    <ClCompile Include="..\..\src\EBUCore_1_4\metadata\base\ebucoreRoleBase.cpp">
      <Filter>Source Files\EBUCore_1_4\metadata\base</Filter>
    </ClCompile>
    <ClCompile Include="..\..\src\EBUCore_1_4\metadata\base\ebucoreBasicLinkBase.cpp">
      <Filter>Source Files\EBUCore_1_4\metadata\base</Filter>
    </ClCompile>
    <ClCompile Include="..\..\src\EBUCore_1_4\metadata\base\ebucoreCompoundNameBase.cpp">
      <Filter>Source Files\EBUCore_1_4\metadata\base</Filter>
    </ClCompile>
    <ClCompile Include="..\..\src\EBUCore_1_4\metadata\base\ebucoreCountryBase.cpp">
      <Filter>Source Files\EBUCore_1_4\metadata\base</Filter>
    </ClCompile>
    <ClCompile Include="..\..\src\EBUCore_1_4\metadata\base\ebucorePublicationChannelBase.cpp">
      <Filter>Source Files\EBUCore_1_4\metadata\base</Filter>
    </ClCompile>
    <ClCompile Include="..\..\src\EBUCore_1_4\metadata\base\ebucorePublicationHistoryBase.cpp">
      <Filter>Source Files\EBUCore_1_4\metadata\base</Filter>
    </ClCompile>
    <ClCompile Include="..\..\src\EBUCore_1_4\metadata\base\ebucorePublicationMediumBase.cpp">
      <Filter>Source Files\EBUCore_1_4\metadata\base</Filter>
    </ClCompile>
  </ItemGroup>
  <ItemGroup>
    <ClInclude Include="..\..\include\EBUCoreProcessor.h">
      <Filter>Header Files</Filter>
    </ClInclude>
    <ClInclude Include="..\..\include\EBUCore_1_4\metadata\EBUCoreDMS++.h">
      <Filter>Header Files</Filter>
    </ClInclude>
    <ClInclude Include="..\..\include\EBUCore_1_4\metadata\EBUCoreDMS.h">
      <Filter>Header Files</Filter>
    </ClInclude>
    <ClInclude Include="..\..\include\EBUCore_1_4\metadata\ebucore_extensions_data_model.h">
      <Filter>Header Files</Filter>
    </ClInclude>
    <ClInclude Include="..\..\include\EBUCore_1_4\metadata\ebucoreAddress.h">
      <Filter>Header Files\EBUCore_1_4\metadata</Filter>
    </ClInclude>
    <ClInclude Include="..\..\include\EBUCore_1_4\metadata\ebucoreContact.h">
      <Filter>Header Files\EBUCore_1_4\metadata</Filter>
    </ClInclude>
    <ClInclude Include="..\..\include\EBUCore_1_4\metadata\base\ebucoreAddressBase.h">
      <Filter>Header Files\EBUCore_1_4\metadata\base</Filter>
    </ClInclude>
    <ClInclude Include="..\..\include\EBUCore_1_4\metadata\base\ebucoreContactBase.h">
      <Filter>Header Files\EBUCore_1_4\metadata\base</Filter>
    </ClInclude>
    <ClInclude Include="..\..\include\EBUCore_1_4\metadata\ebucoreContactDetails.h">
      <Filter>Header Files\EBUCore_1_4\metadata</Filter>
    </ClInclude>
    <ClInclude Include="..\..\include\EBUCore_1_4\metadata\ebucoreEntity.h">
      <Filter>Header Files\EBUCore_1_4\metadata</Filter>
    </ClInclude>
    <ClInclude Include="..\..\include\EBUCore_1_4\metadata\base\ebucoreEntityBase.h">
      <Filter>Header Files\EBUCore_1_4\metadata\base</Filter>
    </ClInclude>
    <ClInclude Include="..\..\include\EBUCore_1_4\metadata\ebucoreMainFramework.h">
      <Filter>Header Files\EBUCore_1_4\metadata</Filter>
    </ClInclude>
    <ClInclude Include="..\..\include\EBUCore_1_4\metadata\base\ebucoreMainFrameworkBase.h">
      <Filter>Header Files\EBUCore_1_4\metadata\base</Filter>
    </ClInclude>
    <ClInclude Include="..\..\include\EBUCore_1_4\metadata\ebucoreMetadataSchemeInformation.h">
      <Filter>Header Files\EBUCore_1_4\metadata</Filter>
    </ClInclude>
    <ClInclude Include="..\..\include\EBUCore_1_4\metadata\base\ebucoreMetadataSchemeInformationBase.h">
      <Filter>Header Files\EBUCore_1_4\metadata\base</Filter>
    </ClInclude>
    <ClInclude Include="..\..\include\EBUCore_1_4\metadata\ebucoreOrganisation.h">
      <Filter>Header Files\EBUCore_1_4\metadata</Filter>
    </ClInclude>
    <ClInclude Include="..\..\include\EBUCore_1_4\metadata\base\ebucoreContactDetailsBase.h">
      <Filter>Header Files\EBUCore_1_4\metadata\base</Filter>
    </ClInclude>
    <ClInclude Include="..\..\include\EBUCore_1_4\metadata\base\ebucoreOrganisationBase.h">
      <Filter>Header Files\EBUCore_1_4\metadata\base</Filter>
    </ClInclude>
    <ClInclude Include="..\..\include\EBUCore_1_4\metadata\base\ebucoreTypeGroupBase.h">
      <Filter>Header Files\EBUCore_1_4\metadata\base</Filter>
    </ClInclude>
    <ClInclude Include="..\..\include\EBUCore_1_4\metadata\base\ebucoreRoleBase.h">
      <Filter>Header Files\EBUCore_1_4\metadata\base</Filter>
    </ClInclude>
    <ClInclude Include="..\..\include\EBUCore_1_4\metadata\ebucoreTypeGroup.h">
      <Filter>Header Files\EBUCore_1_4\metadata</Filter>
    </ClInclude>
    <ClInclude Include="..\..\include\EBUCore_1_4\metadata\ebucoreRole.h">
      <Filter>Header Files\EBUCore_1_4\metadata</Filter>
    </ClInclude>
    <ClInclude Include="..\..\include\xsd\xml.hxx">
      <Filter>Header Files\xsd</Filter>
    </ClInclude>
    <ClInclude Include="..\..\include\EBUCore_1_4\EBUCoreMapping.h">
      <Filter>Header Files</Filter>
    </ClInclude>
    <ClInclude Include="..\..\include\EBUCore_1_4\xsd\simpledc20021212.hxx">
      <Filter>Header Files</Filter>
    </ClInclude>
    <ClInclude Include="..\..\include\EBUCore_1_4\xsd\EBU_CORE_20120817.hxx">
      <Filter>Header Files\EBUCore_1_4\xsd</Filter>
    </ClInclude>
  </ItemGroup>
</Project>