
Microsoft Visual Studio Solution File, Format Version 11.00
# Visual Studio 2010
Project("{8BC9CEB8-8B4A-11D0-8D11-00A0C91BC942}") = "bmx", "bmx\bmx.vcxproj", "{D6AD7523-372A-4CC3-8AEA-0EC52D955359}"
EndProject
Project("{8BC9CEB8-8B4A-11D0-8D11-00A0C91BC942}") = "libMXF", "..\..\..\ebu-libmxf\msvc_build\vs10\mxf\libMXF.vcxproj", "{580F8E65-F910-46A6-8A9C-6A8E58D95E53}"
EndProject
Project("{8BC9CEB8-8B4A-11D0-8D11-00A0C91BC942}") = "libMXF++", "..\..\..\ebu-libMXFpp\msvc_build\vs10\libMXF++\libMXF++.vcxproj", "{33E3C49F-5483-4081-9446-9238A59B761A}"
EndProject
Project("{8BC9CEB8-8B4A-11D0-8D11-00A0C91BC942}") = "uriparser", "..\..\..\uriparser\win32\Visual_Studio_2005\uriparser.vcxproj", "{8E2F76A2-59B5-4DF7-8062-EBD6FCF0C8B3}"
EndProject
Project("{8BC9CEB8-8B4A-11D0-8D11-00A0C91BC942}") = "bmxtranswrap", "apps\bmxtranswrap\bmxtranswrap.vcxproj", "{66CB2EA7-A853-45D1-80BC-254E451DE950}"
EndProject
Project("{8BC9CEB8-8B4A-11D0-8D11-00A0C91BC942}") = "raw2bmx", "apps\raw2bmx\raw2bmx.vcxproj", "{BF415E6B-C90A-449D-A697-06B6CD724614}"
	ProjectSection(ProjectDependencies) = postProject
		{E0F3C797-3186-4BB7-B3B7-EB92A378CDC7} = {E0F3C797-3186-4BB7-B3B7-EB92A378CDC7}
	EndProjectSection
EndProject
Project("{8BC9CEB8-8B4A-11D0-8D11-00A0C91BC942}") = "mxf2raw", "apps\mxf2raw\mxf2raw.vcxproj", "{B4D2CA33-C03D-4D0C-8003-C7472EE98C6A}"
	ProjectSection(ProjectDependencies) = postProject
		{E0F3C797-3186-4BB7-B3B7-EB92A378CDC7} = {E0F3C797-3186-4BB7-B3B7-EB92A378CDC7}
	EndProjectSection
EndProject
Project("{8BC9CEB8-8B4A-11D0-8D11-00A0C91BC942}") = "EBUCoreProcessor", "EBUCoreProcessor\EBUCoreProcessor.vcxproj", "{E0F3C797-3186-4BB7-B3B7-EB92A378CDC7}"
EndProject
Project("{8BC9CEB8-8B4A-11D0-8D11-00A0C91BC942}") = "EBUCoreParserTest", "EBUCoreParserTest\EBUCoreParserTest.vcxproj", "{15258C3E-C951-4E73-81B5-D02715035C3B}"
	ProjectSection(ProjectDependencies) = postProject
		{E0F3C797-3186-4BB7-B3B7-EB92A378CDC7} = {E0F3C797-3186-4BB7-B3B7-EB92A378CDC7}
	EndProjectSection
EndProject
Project("{8BC9CEB8-8B4A-11D0-8D11-00A0C91BC942}") = "ST434", "ST434\ST434.vcxproj", "{627DBB6B-2594-4DC1-8223-4AEDC36716CA}"
EndProject
Project("{8BC9CEB8-8B4A-11D0-8D11-00A0C91BC942}") = "ebu2mxf", "apps\ebu2mxf\ebu2mxf.vcxproj", "{5B04D480-0324-4EB6-A36A-291177BE8997}"
	ProjectSection(ProjectDependencies) = postProject
		{E0F3C797-3186-4BB7-B3B7-EB92A378CDC7} = {E0F3C797-3186-4BB7-B3B7-EB92A378CDC7}
	EndProjectSection
EndProject
Project("{8BC9CEB8-8B4A-11D0-8D11-00A0C91BC942}") = "mxf2ebu", "apps\mxf2ebu\mxf2ebu.vcxproj", "{B6D2A2D1-08B6-4E5B-A9AE-9339705230F3}"
	ProjectSection(ProjectDependencies) = postProject
		{E0F3C797-3186-4BB7-B3B7-EB92A378CDC7} = {E0F3C797-3186-4BB7-B3B7-EB92A378CDC7}
	EndProjectSection
EndProject
Project("{8BC9CEB8-8B4A-11D0-8D11-00A0C91BC942}") = "gen_ebucore_classes", "tools\gen_ebucore_classes\gen_ebucore_classes.vcxproj", "{CB1589DD-1F5E-4869-B1F2-635A2F5DFB38}"
EndProject
Global
	GlobalSection(SolutionConfigurationPlatforms) = preSolution
		Debug|Win32 = Debug|Win32
		Release|Win32 = Release|Win32
	EndGlobalSection
	GlobalSection(ProjectConfigurationPlatforms) = postSolution
		{D6AD7523-372A-4CC3-8AEA-0EC52D955359}.Debug|Win32.ActiveCfg = Debug|Win32
		{D6AD7523-372A-4CC3-8AEA-0EC52D955359}.Debug|Win32.Build.0 = Debug|Win32
		{D6AD7523-372A-4CC3-8AEA-0EC52D955359}.Release|Win32.ActiveCfg = Release|Win32
		{D6AD7523-372A-4CC3-8AEA-0EC52D955359}.Release|Win32.Build.0 = Release|Win32
		{580F8E65-F910-46A6-8A9C-6A8E58D95E53}.Debug|Win32.ActiveCfg = Debug|Win32
		{580F8E65-F910-46A6-8A9C-6A8E58D95E53}.Debug|Win32.Build.0 = Debug|Win32
		{580F8E65-F910-46A6-8A9C-6A8E58D95E53}.Release|Win32.ActiveCfg = Release|Win32
		{580F8E65-F910-46A6-8A9C-6A8E58D95E53}.Release|Win32.Build.0 = Release|Win32
		{33E3C49F-5483-4081-9446-9238A59B761A}.Debug|Win32.ActiveCfg = Debug|Win32
		{33E3C49F-5483-4081-9446-9238A59B761A}.Debug|Win32.Build.0 = Debug|Win32
		{33E3C49F-5483-4081-9446-9238A59B761A}.Release|Win32.ActiveCfg = Release|Win32
		{33E3C49F-5483-4081-9446-9238A59B761A}.Release|Win32.Build.0 = Release|Win32
		{8E2F76A2-59B5-4DF7-8062-EBD6FCF0C8B3}.Debug|Win32.ActiveCfg = Debug|Win32
		{8E2F76A2-59B5-4DF7-8062-EBD6FCF0C8B3}.Debug|Win32.Build.0 = Debug|Win32
		{8E2F76A2-59B5-4DF7-8062-EBD6FCF0C8B3}.Release|Win32.ActiveCfg = Release|Win32
		{8E2F76A2-59B5-4DF7-8062-EBD6FCF0C8B3}.Release|Win32.Build.0 = Release|Win32
		{66CB2EA7-A853-45D1-80BC-254E451DE950}.Debug|Win32.ActiveCfg = Debug|Win32
		{66CB2EA7-A853-45D1-80BC-254E451DE950}.Debug|Win32.Build.0 = Debug|Win32
		{66CB2EA7-A853-45D1-80BC-254E451DE950}.Release|Win32.ActiveCfg = Release|Win32
		{66CB2EA7-A853-45D1-80BC-254E451DE950}.Release|Win32.Build.0 = Release|Win32
		{BF415E6B-C90A-449D-A697-06B6CD724614}.Debug|Win32.ActiveCfg = Debug|Win32
		{BF415E6B-C90A-449D-A697-06B6CD724614}.Debug|Win32.Build.0 = Debug|Win32
		{BF415E6B-C90A-449D-A697-06B6CD724614}.Release|Win32.ActiveCfg = Release|Win32
		{BF415E6B-C90A-449D-A697-06B6CD724614}.Release|Win32.Build.0 = Release|Win32
		{B4D2CA33-C03D-4D0C-8003-C7472EE98C6A}.Debug|Win32.ActiveCfg = Debug|Win32
		{B4D2CA33-C03D-4D0C-8003-C7472EE98C6A}.Debug|Win32.Build.0 = Debug|Win32
		{B4D2CA33-C03D-4D0C-8003-C7472EE98C6A}.Release|Win32.ActiveCfg = Release|Win32
		{B4D2CA33-C03D-4D0C-8003-C7472EE98C6A}.Release|Win32.Build.0 = Release|Win32
		{E0F3C797-3186-4BB7-B3B7-EB92A378CDC7}.Debug|Win32.ActiveCfg = Debug|Win32
		{E0F3C797-3186-4BB7-B3B7-EB92A378CDC7}.Debug|Win32.Build.0 = Debug|Win32
		{E0F3C797-3186-4BB7-B3B7-EB92A378CDC7}.Release|Win32.ActiveCfg = Release|Win32
		{E0F3C797-3186-4BB7-B3B7-EB92A378CDC7}.Release|Win32.Build.0 = Release|Win32
		{15258C3E-C951-4E73-81B5-D02715035C3B}.Debug|Win32.ActiveCfg = Debug|Win32
		{15258C3E-C951-4E73-81B5-D02715035C3B}.Debug|Win32.Build.0 = Debug|Win32
		{15258C3E-C951-4E73-81B5-D02715035C3B}.Release|Win32.ActiveCfg = Release|Win32
		{15258C3E-C951-4E73-81B5-D02715035C3B}.Release|Win32.Build.0 = Release|Win32
		{627DBB6B-2594-4DC1-8223-4AEDC36716CA}.Debug|Win32.ActiveCfg = Debug|Win32
		{627DBB6B-2594-4DC1-8223-4AEDC36716CA}.Debug|Win32.Build.0 = Debug|Win32
		{627DBB6B-2594-4DC1-8223-4AEDC36716CA}.Release|Win32.ActiveCfg = Release|Win32
		{627DBB6B-2594-4DC1-8223-4AEDC36716CA}.Release|Win32.Build.0 = Release|Win32
		{5B04D480-0324-4EB6-A36A-291177BE8997}.Debug|Win32.ActiveCfg = Debug|Win32
		{5B04D480-0324-4EB6-A36A-291177BE8997}.Debug|Win32.Build.0 = Debug|Win32
		{5B04D480-0324-4EB6-A36A-291177BE8997}.Release|Win32.ActiveCfg = Release|Win32
		{5B04D480-0324-4EB6-A36A-291177BE8997}.Release|Win32.Build.0 = Release|Win32
		{B6D2A2D1-08B6-4E5B-A9AE-9339705230F3}.Debug|Win32.ActiveCfg = Debug|Win32
		{B6D2A2D1-08B6-4E5B-A9AE-9339705230F3}.Debug|Win32.Build.0 = Debug|Win32
		{B6D2A2D1-08B6-4E5B-A9AE-9339705230F3}.Release|Win32.ActiveCfg = Release|Win32
		{B6D2A2D1-08B6-4E5B-A9AE-9339705230F3}.Release|Win32.Build.0 = Release|Win32
		{CB1589DD-1F5E-4869-B1F2-635A2F5DFB38}.Debug|Win32.ActiveCfg = Debug|Win32
		{CB1589DD-1F5E-4869-B1F2-635A2F5DFB38}.Debug|Win32.Build.0 = Debug|Win32
		{CB1589DD-1F5E-4869-B1F2-635A2F5DFB38}.Release|Win32.ActiveCfg = Release|Win32
		{CB1589DD-1F5E-4869-B1F2-635A2F5DFB38}.Release|Win32.Build.0 = Release|Win32
	EndGlobalSection
	GlobalSection(SolutionProperties) = preSolution
		HideSolutionNode = FALSE
	EndGlobalSection
EndGlobal
