
Microsoft Visual Studio Solution File, Format Version 11.00
# Visual Studio 2010
Project("{8BC9CEB8-8B4A-11D0-8D11-00A0C91BC942}") = "libMXF", "..\..\ebu-libmxf\msvc_build\vs10\mxf\libMXF.vcxproj", "{580F8E65-F910-46A6-8A9C-6A8E58D95E53}"
EndProject
Project("{8BC9CEB8-8B4A-11D0-8D11-00A0C91BC942}") = "libMXF++", "..\..\ebu-libMXFpp\msvc_build\vs10\libMXF++\libMXF++.vcxproj", "{33E3C49F-5483-4081-9446-9238A59B761A}"
EndProject
Project("{8BC9CEB8-8B4A-11D0-8D11-00A0C91BC942}") = "uriparser", "..\..\uriparser\win32\Visual_Studio_2005\uriparser.vcxproj", "{8E2F76A2-59B5-4DF7-8062-EBD6FCF0C8B3}"
EndProject
Project("{8BC9CEB8-8B4A-11D0-8D11-00A0C91BC942}") = "raw2bmx", "..\..\EBUCoreProcessor\msvc_build\vs10\apps\raw2bmx\raw2bmx.vcxproj", "{BF415E6B-C90A-449D-A697-06B6CD724614}"
	ProjectSection(ProjectDependencies) = postProject
		{E0F3C797-3186-4BB7-B3B7-EB92A378CDC7} = {E0F3C797-3186-4BB7-B3B7-EB92A378CDC7}
	EndProjectSection
EndProject
Project("{8BC9CEB8-8B4A-11D0-8D11-00A0C91BC942}") = "mxf2raw", "..\..\EBUCoreProcessor\msvc_build\vs10\apps\mxf2raw\mxf2raw.vcxproj", "{B4D2CA33-C03D-4D0C-8003-C7472EE98C6A}"
	ProjectSection(ProjectDependencies) = postProject
		{E0F3C797-3186-4BB7-B3B7-EB92A378CDC7} = {E0F3C797-3186-4BB7-B3B7-EB92A378CDC7}
	EndProjectSection
EndProject
Project("{8BC9CEB8-8B4A-11D0-8D11-00A0C91BC942}") = "EBUCoreProcessor", "..\..\EBUCoreProcessor\msvc_build\vs10\EBUCoreProcessor\EBUCoreProcessor.vcxproj", "{E0F3C797-3186-4BB7-B3B7-EB92A378CDC7}"
EndProject
Project("{8BC9CEB8-8B4A-11D0-8D11-00A0C91BC942}") = "ST434", "..\..\EBUCoreProcessor\msvc_build\vs10\ST434\ST434.vcxproj", "{627DBB6B-2594-4DC1-8223-4AEDC36716CA}"
EndProject
Project("{8BC9CEB8-8B4A-11D0-8D11-00A0C91BC942}") = "ebu2mxf", "..\..\EBUCoreProcessor\msvc_build\vs10\apps\ebu2mxf\ebu2mxf.vcxproj", "{5B04D480-0324-4EB6-A36A-291177BE8997}"
	ProjectSection(ProjectDependencies) = postProject
		{E0F3C797-3186-4BB7-B3B7-EB92A378CDC7} = {E0F3C797-3186-4BB7-B3B7-EB92A378CDC7}
	EndProjectSection
EndProject
Project("{8BC9CEB8-8B4A-11D0-8D11-00A0C91BC942}") = "mxf2ebu", "..\..\EBUCoreProcessor\msvc_build\vs10\apps\mxf2ebu\mxf2ebu.vcxproj", "{B6D2A2D1-08B6-4E5B-A9AE-9339705230F3}"
	ProjectSection(ProjectDependencies) = postProject
		{E0F3C797-3186-4BB7-B3B7-EB92A378CDC7} = {E0F3C797-3186-4BB7-B3B7-EB92A378CDC7}
	EndProjectSection
EndProject
Project("{8BC9CEB8-8B4A-11D0-8D11-00A0C91BC942}") = "gen_ebucore_classes", "..\..\EBUCoreProcessor\msvc_build\vs10\tools\gen_ebucore_classes\gen_ebucore_classes.vcxproj", "{CB1589DD-1F5E-4869-B1F2-635A2F5DFB38}"
EndProject
Project("{8BC9CEB8-8B4A-11D0-8D11-00A0C91BC942}") = "CustomMetatadataSupport", "..\..\CustomMetadataSupport\msvc_build\vs10\CustomMetatadataSupport.vcxproj", "{BEBABF29-67BF-4AB5-A5FE-435B58ED9A33}"
EndProject
Project("{8BC9CEB8-8B4A-11D0-8D11-00A0C91BC942}") = "bmx", "..\..\ebu-bmx\msvc_build\vs10\bmx\bmx.vcxproj", "{D6AD7523-372A-4CC3-8AEA-0EC52D955359}"
EndProject
Project("{8BC9CEB8-8B4A-11D0-8D11-00A0C91BC942}") = "mxfanalyzer", "..\..\Analyzer\msvc_build\vs10\apps\mxfanalyzer\mxfanalyzer.vcxproj", "{3B1344EB-D93E-4A63-A199-5DFBEE8A4EED}"
EndProject
Project("{8BC9CEB8-8B4A-11D0-8D11-00A0C91BC942}") = "Analyzer", "..\..\Analyzer\msvc_build\vs10\Analyzer.vcxproj", "{942979EC-F345-42F3-89C3-A3D096421DF3}"
EndProject
Project("{2150E333-8FDC-42A3-9474-1A3956D46DE8}") = "0. Dependencies", "0. Dependencies", "{283FE749-0E49-4E66-8E16-D0C0596649FB}"
EndProject
Project("{2150E333-8FDC-42A3-9474-1A3956D46DE8}") = "2. Analyzer", "2. Analyzer", "{B651AA7F-ABCC-41EA-9663-72A88EB793E6}"
EndProject
Project("{2150E333-8FDC-42A3-9474-1A3956D46DE8}") = "apps", "apps", "{AA7019FE-2F3C-4E7A-A6A6-18268AFAF433}"
EndProject
Project("{2150E333-8FDC-42A3-9474-1A3956D46DE8}") = "1. Metadata", "1. Metadata", "{BC7DF460-9331-4665-971F-C5799B6C2067}"
EndProject
Project("{2150E333-8FDC-42A3-9474-1A3956D46DE8}") = "apps", "apps", "{845887D7-7F52-43B1-9C30-42744E6897B0}"
EndProject
Project("{2150E333-8FDC-42A3-9474-1A3956D46DE8}") = "tools", "tools", "{F6431B6C-2273-42C0-AC38-6797E3A15A3A}"
EndProject
Global
	GlobalSection(SolutionConfigurationPlatforms) = preSolution
		Debug|Win32 = Debug|Win32
		Release|Win32 = Release|Win32
	EndGlobalSection
	GlobalSection(ProjectConfigurationPlatforms) = postSolution
		{580F8E65-F910-46A6-8A9C-6A8E58D95E53}.Debug|Win32.ActiveCfg = Debug|Win32
		{580F8E65-F910-46A6-8A9C-6A8E58D95E53}.Debug|Win32.Build.0 = Debug|Win32
		{580F8E65-F910-46A6-8A9C-6A8E58D95E53}.Release|Win32.ActiveCfg = Release|Win32
		{580F8E65-F910-46A6-8A9C-6A8E58D95E53}.Release|Win32.Build.0 = Release|Win32
		{33E3C49F-5483-4081-9446-9238A59B761A}.Debug|Win32.ActiveCfg = Debug|Win32
		{33E3C49F-5483-4081-9446-9238A59B761A}.Debug|Win32.Build.0 = Debug|Win32
		{33E3C49F-5483-4081-9446-9238A59B761A}.Release|Win32.ActiveCfg = Release|Win32
		{33E3C49F-5483-4081-9446-9238A59B761A}.Release|Win32.Build.0 = Release|Win32
		{8E2F76A2-59B5-4DF7-8062-EBD6FCF0C8B3}.Debug|Win32.ActiveCfg = Debug|Win32
		{8E2F76A2-59B5-4DF7-8062-EBD6FCF0C8B3}.Debug|Win32.Build.0 = Debug|Win32
		{8E2F76A2-59B5-4DF7-8062-EBD6FCF0C8B3}.Release|Win32.ActiveCfg = Release|Win32
		{8E2F76A2-59B5-4DF7-8062-EBD6FCF0C8B3}.Release|Win32.Build.0 = Release|Win32
		{BF415E6B-C90A-449D-A697-06B6CD724614}.Debug|Win32.ActiveCfg = Debug|Win32
		{BF415E6B-C90A-449D-A697-06B6CD724614}.Debug|Win32.Build.0 = Debug|Win32
		{BF415E6B-C90A-449D-A697-06B6CD724614}.Release|Win32.ActiveCfg = Release|Win32
		{BF415E6B-C90A-449D-A697-06B6CD724614}.Release|Win32.Build.0 = Release|Win32
		{B4D2CA33-C03D-4D0C-8003-C7472EE98C6A}.Debug|Win32.ActiveCfg = Debug|Win32
		{B4D2CA33-C03D-4D0C-8003-C7472EE98C6A}.Debug|Win32.Build.0 = Debug|Win32
		{B4D2CA33-C03D-4D0C-8003-C7472EE98C6A}.Release|Win32.ActiveCfg = Release|Win32
		{B4D2CA33-C03D-4D0C-8003-C7472EE98C6A}.Release|Win32.Build.0 = Release|Win32
		{E0F3C797-3186-4BB7-B3B7-EB92A378CDC7}.Debug|Win32.ActiveCfg = Debug|Win32
		{E0F3C797-3186-4BB7-B3B7-EB92A378CDC7}.Debug|Win32.Build.0 = Debug|Win32
		{E0F3C797-3186-4BB7-B3B7-EB92A378CDC7}.Release|Win32.ActiveCfg = Release|Win32
		{E0F3C797-3186-4BB7-B3B7-EB92A378CDC7}.Release|Win32.Build.0 = Release|Win32
		{627DBB6B-2594-4DC1-8223-4AEDC36716CA}.Debug|Win32.ActiveCfg = Debug|Win32
		{627DBB6B-2594-4DC1-8223-4AEDC36716CA}.Debug|Win32.Build.0 = Debug|Win32
		{627DBB6B-2594-4DC1-8223-4AEDC36716CA}.Release|Win32.ActiveCfg = Release|Win32
		{627DBB6B-2594-4DC1-8223-4AEDC36716CA}.Release|Win32.Build.0 = Release|Win32
		{5B04D480-0324-4EB6-A36A-291177BE8997}.Debug|Win32.ActiveCfg = Debug|Win32
		{5B04D480-0324-4EB6-A36A-291177BE8997}.Debug|Win32.Build.0 = Debug|Win32
		{5B04D480-0324-4EB6-A36A-291177BE8997}.Release|Win32.ActiveCfg = Release|Win32
		{5B04D480-0324-4EB6-A36A-291177BE8997}.Release|Win32.Build.0 = Release|Win32
		{B6D2A2D1-08B6-4E5B-A9AE-9339705230F3}.Debug|Win32.ActiveCfg = Debug|Win32
		{B6D2A2D1-08B6-4E5B-A9AE-9339705230F3}.Debug|Win32.Build.0 = Debug|Win32
		{B6D2A2D1-08B6-4E5B-A9AE-9339705230F3}.Release|Win32.ActiveCfg = Release|Win32
		{B6D2A2D1-08B6-4E5B-A9AE-9339705230F3}.Release|Win32.Build.0 = Release|Win32
		{CB1589DD-1F5E-4869-B1F2-635A2F5DFB38}.Debug|Win32.ActiveCfg = Debug|Win32
		{CB1589DD-1F5E-4869-B1F2-635A2F5DFB38}.Debug|Win32.Build.0 = Debug|Win32
		{CB1589DD-1F5E-4869-B1F2-635A2F5DFB38}.Release|Win32.ActiveCfg = Release|Win32
		{CB1589DD-1F5E-4869-B1F2-635A2F5DFB38}.Release|Win32.Build.0 = Release|Win32
		{BEBABF29-67BF-4AB5-A5FE-435B58ED9A33}.Debug|Win32.ActiveCfg = Debug|Win32
		{BEBABF29-67BF-4AB5-A5FE-435B58ED9A33}.Debug|Win32.Build.0 = Debug|Win32
		{BEBABF29-67BF-4AB5-A5FE-435B58ED9A33}.Release|Win32.ActiveCfg = Release|Win32
		{BEBABF29-67BF-4AB5-A5FE-435B58ED9A33}.Release|Win32.Build.0 = Release|Win32
		{D6AD7523-372A-4CC3-8AEA-0EC52D955359}.Debug|Win32.ActiveCfg = Debug|Win32
		{D6AD7523-372A-4CC3-8AEA-0EC52D955359}.Debug|Win32.Build.0 = Debug|Win32
		{D6AD7523-372A-4CC3-8AEA-0EC52D955359}.Release|Win32.ActiveCfg = Release|Win32
		{D6AD7523-372A-4CC3-8AEA-0EC52D955359}.Release|Win32.Build.0 = Release|Win32
		{3B1344EB-D93E-4A63-A199-5DFBEE8A4EED}.Debug|Win32.ActiveCfg = Debug|Win32
		{3B1344EB-D93E-4A63-A199-5DFBEE8A4EED}.Debug|Win32.Build.0 = Debug|Win32
		{3B1344EB-D93E-4A63-A199-5DFBEE8A4EED}.Release|Win32.ActiveCfg = Release|Win32
		{3B1344EB-D93E-4A63-A199-5DFBEE8A4EED}.Release|Win32.Build.0 = Release|Win32
		{942979EC-F345-42F3-89C3-A3D096421DF3}.Debug|Win32.ActiveCfg = Debug|Win32
		{942979EC-F345-42F3-89C3-A3D096421DF3}.Debug|Win32.Build.0 = Debug|Win32
		{942979EC-F345-42F3-89C3-A3D096421DF3}.Release|Win32.ActiveCfg = Release|Win32
		{942979EC-F345-42F3-89C3-A3D096421DF3}.Release|Win32.Build.0 = Release|Win32
	EndGlobalSection
	GlobalSection(SolutionProperties) = preSolution
		HideSolutionNode = FALSE
	EndGlobalSection
	GlobalSection(NestedProjects) = preSolution
		{D6AD7523-372A-4CC3-8AEA-0EC52D955359} = {283FE749-0E49-4E66-8E16-D0C0596649FB}
		{580F8E65-F910-46A6-8A9C-6A8E58D95E53} = {283FE749-0E49-4E66-8E16-D0C0596649FB}
		{33E3C49F-5483-4081-9446-9238A59B761A} = {283FE749-0E49-4E66-8E16-D0C0596649FB}
		{8E2F76A2-59B5-4DF7-8062-EBD6FCF0C8B3} = {283FE749-0E49-4E66-8E16-D0C0596649FB}
		{942979EC-F345-42F3-89C3-A3D096421DF3} = {B651AA7F-ABCC-41EA-9663-72A88EB793E6}
		{AA7019FE-2F3C-4E7A-A6A6-18268AFAF433} = {B651AA7F-ABCC-41EA-9663-72A88EB793E6}
		{3B1344EB-D93E-4A63-A199-5DFBEE8A4EED} = {AA7019FE-2F3C-4E7A-A6A6-18268AFAF433}
		{BEBABF29-67BF-4AB5-A5FE-435B58ED9A33} = {BC7DF460-9331-4665-971F-C5799B6C2067}
		{E0F3C797-3186-4BB7-B3B7-EB92A378CDC7} = {BC7DF460-9331-4665-971F-C5799B6C2067}
		{845887D7-7F52-43B1-9C30-42744E6897B0} = {BC7DF460-9331-4665-971F-C5799B6C2067}
		{F6431B6C-2273-42C0-AC38-6797E3A15A3A} = {BC7DF460-9331-4665-971F-C5799B6C2067}
		{5B04D480-0324-4EB6-A36A-291177BE8997} = {845887D7-7F52-43B1-9C30-42744E6897B0}
		{B6D2A2D1-08B6-4E5B-A9AE-9339705230F3} = {845887D7-7F52-43B1-9C30-42744E6897B0}
		{B4D2CA33-C03D-4D0C-8003-C7472EE98C6A} = {845887D7-7F52-43B1-9C30-42744E6897B0}
		{BF415E6B-C90A-449D-A697-06B6CD724614} = {845887D7-7F52-43B1-9C30-42744E6897B0}
		{CB1589DD-1F5E-4869-B1F2-635A2F5DFB38} = {F6431B6C-2273-42C0-AC38-6797E3A15A3A}
	EndGlobalSection
EndGlobal
